// !$*UTF8*$!
{
	archiveVersion = 1;
	classes = {
	};
	objectVersion = 46;
	objects = {

/* Begin PBXBuildFile section */
		073E5E1E7486D486B36DAEDC /* libPods.a in Frameworks */ = {isa = PBXBuildFile; fileRef = CAFB009E4A2BCF99827C1327 /* libPods.a */; };
		4FD6C7891A777E090068AC89 /* main.m in Sources */ = {isa = PBXBuildFile; fileRef = 4FD6C7881A777E090068AC89 /* main.m */; };
		4FD6C78C1A777E090068AC89 /* AppDelegate.m in Sources */ = {isa = PBXBuildFile; fileRef = 4FD6C78B1A777E090068AC89 /* AppDelegate.m */; };
		4FD6C78F1A777E090068AC89 /* ViewController.m in Sources */ = {isa = PBXBuildFile; fileRef = 4FD6C78E1A777E090068AC89 /* ViewController.m */; };
		4FD6C7921A777E090068AC89 /* Main.storyboard in Resources */ = {isa = PBXBuildFile; fileRef = 4FD6C7901A777E090068AC89 /* Main.storyboard */; };
		4FD6C7941A777E090068AC89 /* Images.xcassets in Resources */ = {isa = PBXBuildFile; fileRef = 4FD6C7931A777E090068AC89 /* Images.xcassets */; };
		4FD6C7971A777E090068AC89 /* LaunchScreen.xib in Resources */ = {isa = PBXBuildFile; fileRef = 4FD6C7951A777E090068AC89 /* LaunchScreen.xib */; };
		4FD6C7A31A777E090068AC89 /* HLMapDemoTests.m in Sources */ = {isa = PBXBuildFile; fileRef = 4FD6C7A21A777E090068AC89 /* HLMapDemoTests.m */; };
		4FD6C7B21A777F1C0068AC89 /* HLMapView.m in Sources */ = {isa = PBXBuildFile; fileRef = 4FD6C7B11A777F1C0068AC89 /* HLMapView.m */; };
/* End PBXBuildFile section */

/* Begin PBXContainerItemProxy section */
		4FD6C79D1A777E090068AC89 /* PBXContainerItemProxy */ = {
			isa = PBXContainerItemProxy;
			containerPortal = 4FD6C77B1A777E090068AC89 /* Project object */;
			proxyType = 1;
			remoteGlobalIDString = 4FD6C7821A777E090068AC89;
			remoteInfo = HLMapDemo;
		};
/* End PBXContainerItemProxy section */

/* Begin PBXFileReference section */
		0F86D2D9F4453D550ED865DD /* Pods.release.xcconfig */ = {isa = PBXFileReference; includeInIndex = 1; lastKnownFileType = text.xcconfig; name = Pods.release.xcconfig; path = "Pods/Target Support Files/Pods/Pods.release.xcconfig"; sourceTree = "<group>"; };
		4FD6C7831A777E090068AC89 /* HLMapDemo.app */ = {isa = PBXFileReference; explicitFileType = wrapper.application; includeInIndex = 0; path = HLMapDemo.app; sourceTree = BUILT_PRODUCTS_DIR; };
		4FD6C7871A777E090068AC89 /* Info.plist */ = {isa = PBXFileReference; lastKnownFileType = text.plist.xml; path = Info.plist; sourceTree = "<group>"; };
		4FD6C7881A777E090068AC89 /* main.m */ = {isa = PBXFileReference; lastKnownFileType = sourcecode.c.objc; path = main.m; sourceTree = "<group>"; };
		4FD6C78A1A777E090068AC89 /* AppDelegate.h */ = {isa = PBXFileReference; lastKnownFileType = sourcecode.c.h; path = AppDelegate.h; sourceTree = "<group>"; };
		4FD6C78B1A777E090068AC89 /* AppDelegate.m */ = {isa = PBXFileReference; lastKnownFileType = sourcecode.c.objc; path = AppDelegate.m; sourceTree = "<group>"; };
		4FD6C78D1A777E090068AC89 /* ViewController.h */ = {isa = PBXFileReference; lastKnownFileType = sourcecode.c.h; path = ViewController.h; sourceTree = "<group>"; };
		4FD6C78E1A777E090068AC89 /* ViewController.m */ = {isa = PBXFileReference; lastKnownFileType = sourcecode.c.objc; path = ViewController.m; sourceTree = "<group>"; };
		4FD6C7911A777E090068AC89 /* Base */ = {isa = PBXFileReference; lastKnownFileType = file.storyboard; name = Base; path = Base.lproj/Main.storyboard; sourceTree = "<group>"; };
		4FD6C7931A777E090068AC89 /* Images.xcassets */ = {isa = PBXFileReference; lastKnownFileType = folder.assetcatalog; path = Images.xcassets; sourceTree = "<group>"; };
		4FD6C7961A777E090068AC89 /* Base */ = {isa = PBXFileReference; lastKnownFileType = file.xib; name = Base; path = Base.lproj/LaunchScreen.xib; sourceTree = "<group>"; };
		4FD6C79C1A777E090068AC89 /* HLMapDemoTests.xctest */ = {isa = PBXFileReference; explicitFileType = wrapper.cfbundle; includeInIndex = 0; path = HLMapDemoTests.xctest; sourceTree = BUILT_PRODUCTS_DIR; };
		4FD6C7A11A777E090068AC89 /* Info.plist */ = {isa = PBXFileReference; lastKnownFileType = text.plist.xml; path = Info.plist; sourceTree = "<group>"; };
		4FD6C7A21A777E090068AC89 /* HLMapDemoTests.m */ = {isa = PBXFileReference; lastKnownFileType = sourcecode.c.objc; path = HLMapDemoTests.m; sourceTree = "<group>"; };
		4FD6C7B01A777F1C0068AC89 /* HLMapView.h */ = {isa = PBXFileReference; fileEncoding = 4; lastKnownFileType = sourcecode.c.h; path = HLMapView.h; sourceTree = "<group>"; };
		4FD6C7B11A777F1C0068AC89 /* HLMapView.m */ = {isa = PBXFileReference; fileEncoding = 4; lastKnownFileType = sourcecode.c.objc; path = HLMapView.m; sourceTree = "<group>"; };
		AF3DBD8CA75727120607E0AC /* Pods.debug.xcconfig */ = {isa = PBXFileReference; includeInIndex = 1; lastKnownFileType = text.xcconfig; name = Pods.debug.xcconfig; path = "Pods/Target Support Files/Pods/Pods.debug.xcconfig"; sourceTree = "<group>"; };
		CAFB009E4A2BCF99827C1327 /* libPods.a */ = {isa = PBXFileReference; explicitFileType = archive.ar; includeInIndex = 0; path = libPods.a; sourceTree = BUILT_PRODUCTS_DIR; };
/* End PBXFileReference section */

/* Begin PBXFrameworksBuildPhase section */
		4FD6C7801A777E090068AC89 /* Frameworks */ = {
			isa = PBXFrameworksBuildPhase;
			buildActionMask = 2147483647;
			files = (
				073E5E1E7486D486B36DAEDC /* libPods.a in Frameworks */,
			);
			runOnlyForDeploymentPostprocessing = 0;
		};
		4FD6C7991A777E090068AC89 /* Frameworks */ = {
			isa = PBXFrameworksBuildPhase;
			buildActionMask = 2147483647;
			files = (
			);
			runOnlyForDeploymentPostprocessing = 0;
		};
/* End PBXFrameworksBuildPhase section */

/* Begin PBXGroup section */
		4FD6C77A1A777E090068AC89 = {
			isa = PBXGroup;
			children = (
				4FD6C7851A777E090068AC89 /* HLMapDemo */,
				4FD6C79F1A777E090068AC89 /* HLMapDemoTests */,
				4FD6C7841A777E090068AC89 /* Products */,
				B7186744CF6F5607353AC571 /* Pods */,
				BB1825011AE86972A47AC98F /* Frameworks */,
			);
			sourceTree = "<group>";
		};
		4FD6C7841A777E090068AC89 /* Products */ = {
			isa = PBXGroup;
			children = (
				4FD6C7831A777E090068AC89 /* HLMapDemo.app */,
				4FD6C79C1A777E090068AC89 /* HLMapDemoTests.xctest */,
			);
			name = Products;
			sourceTree = "<group>";
		};
		4FD6C7851A777E090068AC89 /* HLMapDemo */ = {
			isa = PBXGroup;
			children = (
				4FD6C78A1A777E090068AC89 /* AppDelegate.h */,
				4FD6C78B1A777E090068AC89 /* AppDelegate.m */,
				4FD6C78D1A777E090068AC89 /* ViewController.h */,
				4FD6C78E1A777E090068AC89 /* ViewController.m */,
				4FD6C7AF1A777F1C0068AC89 /* HLMapView */,
				4FD6C7901A777E090068AC89 /* Main.storyboard */,
				4FD6C7931A777E090068AC89 /* Images.xcassets */,
				4FD6C7951A777E090068AC89 /* LaunchScreen.xib */,
				4FD6C7861A777E090068AC89 /* Supporting Files */,
			);
			path = HLMapDemo;
			sourceTree = "<group>";
		};
		4FD6C7861A777E090068AC89 /* Supporting Files */ = {
			isa = PBXGroup;
			children = (
				4FD6C7871A777E090068AC89 /* Info.plist */,
				4FD6C7881A777E090068AC89 /* main.m */,
			);
			name = "Supporting Files";
			sourceTree = "<group>";
		};
		4FD6C79F1A777E090068AC89 /* HLMapDemoTests */ = {
			isa = PBXGroup;
			children = (
				4FD6C7A21A777E090068AC89 /* HLMapDemoTests.m */,
				4FD6C7A01A777E090068AC89 /* Supporting Files */,
			);
			path = HLMapDemoTests;
			sourceTree = "<group>";
		};
		4FD6C7A01A777E090068AC89 /* Supporting Files */ = {
			isa = PBXGroup;
			children = (
				4FD6C7A11A777E090068AC89 /* Info.plist */,
			);
			name = "Supporting Files";
			sourceTree = "<group>";
		};
		4FD6C7AF1A777F1C0068AC89 /* HLMapView */ = {
			isa = PBXGroup;
			children = (
				4FD6C7B01A777F1C0068AC89 /* HLMapView.h */,
				4FD6C7B11A777F1C0068AC89 /* HLMapView.m */,
			);
			name = HLMapView;
			path = ../../HLMapView;
			sourceTree = "<group>";
		};
		B7186744CF6F5607353AC571 /* Pods */ = {
			isa = PBXGroup;
			children = (
				AF3DBD8CA75727120607E0AC /* Pods.debug.xcconfig */,
				0F86D2D9F4453D550ED865DD /* Pods.release.xcconfig */,
			);
			name = Pods;
			sourceTree = "<group>";
		};
		BB1825011AE86972A47AC98F /* Frameworks */ = {
			isa = PBXGroup;
			children = (
				CAFB009E4A2BCF99827C1327 /* libPods.a */,
			);
			name = Frameworks;
			sourceTree = "<group>";
		};
/* End PBXGroup section */

/* Begin PBXNativeTarget section */
		4FD6C7821A777E090068AC89 /* HLMapDemo */ = {
			isa = PBXNativeTarget;
			buildConfigurationList = 4FD6C7A61A777E090068AC89 /* Build configuration list for PBXNativeTarget "HLMapDemo" */;
			buildPhases = (
				0C103ED2A5FBB5F10E2D42EB /* Check Pods Manifest.lock */,
				4FD6C77F1A777E090068AC89 /* Sources */,
				4FD6C7801A777E090068AC89 /* Frameworks */,
				4FD6C7811A777E090068AC89 /* Resources */,
				22FC79A61D76E5CCDB16F5E4 /* Copy Pods Resources */,
			);
			buildRules = (
			);
			dependencies = (
			);
			name = HLMapDemo;
			productName = HLMapDemo;
			productReference = 4FD6C7831A777E090068AC89 /* HLMapDemo.app */;
			productType = "com.apple.product-type.application";
		};
		4FD6C79B1A777E090068AC89 /* HLMapDemoTests */ = {
			isa = PBXNativeTarget;
			buildConfigurationList = 4FD6C7A91A777E090068AC89 /* Build configuration list for PBXNativeTarget "HLMapDemoTests" */;
			buildPhases = (
				4FD6C7981A777E090068AC89 /* Sources */,
				4FD6C7991A777E090068AC89 /* Frameworks */,
				4FD6C79A1A777E090068AC89 /* Resources */,
			);
			buildRules = (
			);
			dependencies = (
				4FD6C79E1A777E090068AC89 /* PBXTargetDependency */,
			);
			name = HLMapDemoTests;
			productName = HLMapDemoTests;
			productReference = 4FD6C79C1A777E090068AC89 /* HLMapDemoTests.xctest */;
			productType = "com.apple.product-type.bundle.unit-test";
		};
/* End PBXNativeTarget section */

/* Begin PBXProject section */
		4FD6C77B1A777E090068AC89 /* Project object */ = {
			isa = PBXProject;
			attributes = {
				LastUpgradeCheck = 0610;
				ORGANIZATIONNAME = LiHongli;
				TargetAttributes = {
					4FD6C7821A777E090068AC89 = {
						CreatedOnToolsVersion = 6.1.1;
					};
					4FD6C79B1A777E090068AC89 = {
						CreatedOnToolsVersion = 6.1.1;
						TestTargetID = 4FD6C7821A777E090068AC89;
					};
				};
			};
			buildConfigurationList = 4FD6C77E1A777E090068AC89 /* Build configuration list for PBXProject "HLMapDemo" */;
			compatibilityVersion = "Xcode 3.2";
			developmentRegion = English;
			hasScannedForEncodings = 0;
			knownRegions = (
				en,
				Base,
			);
			mainGroup = 4FD6C77A1A777E090068AC89;
			productRefGroup = 4FD6C7841A777E090068AC89 /* Products */;
			projectDirPath = "";
			projectRoot = "";
			targets = (
				4FD6C7821A777E090068AC89 /* HLMapDemo */,
				4FD6C79B1A777E090068AC89 /* HLMapDemoTests */,
			);
		};
/* End PBXProject section */

/* Begin PBXResourcesBuildPhase section */
		4FD6C7811A777E090068AC89 /* Resources */ = {
			isa = PBXResourcesBuildPhase;
			buildActionMask = 2147483647;
			files = (
				4FD6C7921A777E090068AC89 /* Main.storyboard in Resources */,
				4FD6C7971A777E090068AC89 /* LaunchScreen.xib in Resources */,
				4FD6C7941A777E090068AC89 /* Images.xcassets in Resources */,
			);
			runOnlyForDeploymentPostprocessing = 0;
		};
		4FD6C79A1A777E090068AC89 /* Resources */ = {
			isa = PBXResourcesBuildPhase;
			buildActionMask = 2147483647;
			files = (
			);
			runOnlyForDeploymentPostprocessing = 0;
		};
/* End PBXResourcesBuildPhase section */

/* Begin PBXShellScriptBuildPhase section */
		0C103ED2A5FBB5F10E2D42EB /* Check Pods Manifest.lock */ = {
			isa = PBXShellScriptBuildPhase;
			buildActionMask = 2147483647;
			files = (
			);
			inputPaths = (
			);
			name = "Check Pods Manifest.lock";
			outputPaths = (
			);
			runOnlyForDeploymentPostprocessing = 0;
			shellPath = /bin/sh;
			shellScript = "diff \"${PODS_ROOT}/../Podfile.lock\" \"${PODS_ROOT}/Manifest.lock\" > /dev/null\nif [[ $? != 0 ]] ; then\n    cat << EOM\nerror: The sandbox is not in sync with the Podfile.lock. Run 'pod install' or update your CocoaPods installation.\nEOM\n    exit 1\nfi\n";
			showEnvVarsInLog = 0;
		};
		22FC79A61D76E5CCDB16F5E4 /* Copy Pods Resources */ = {
			isa = PBXShellScriptBuildPhase;
			buildActionMask = 2147483647;
			files = (
			);
			inputPaths = (
			);
			name = "Copy Pods Resources";
			outputPaths = (
			);
			runOnlyForDeploymentPostprocessing = 0;
			shellPath = /bin/sh;
			shellScript = "\"${SRCROOT}/Pods/Target Support Files/Pods/Pods-resources.sh\"\n";
			showEnvVarsInLog = 0;
		};
/* End PBXShellScriptBuildPhase section */

/* Begin PBXSourcesBuildPhase section */
		4FD6C77F1A777E090068AC89 /* Sources */ = {
			isa = PBXSourcesBuildPhase;
			buildActionMask = 2147483647;
			files = (
				4FD6C78F1A777E090068AC89 /* ViewController.m in Sources */,
				4FD6C78C1A777E090068AC89 /* AppDelegate.m in Sources */,
				4FD6C7891A777E090068AC89 /* main.m in Sources */,
				4FD6C7B21A777F1C0068AC89 /* HLMapView.m in Sources */,
			);
			runOnlyForDeploymentPostprocessing = 0;
		};
		4FD6C7981A777E090068AC89 /* Sources */ = {
			isa = PBXSourcesBuildPhase;
			buildActionMask = 2147483647;
			files = (
				4FD6C7A31A777E090068AC89 /* HLMapDemoTests.m in Sources */,
			);
			runOnlyForDeploymentPostprocessing = 0;
		};
/* End PBXSourcesBuildPhase section */

/* Begin PBXTargetDependency section */
		4FD6C79E1A777E090068AC89 /* PBXTargetDependency */ = {
			isa = PBXTargetDependency;
			target = 4FD6C7821A777E090068AC89 /* HLMapDemo */;
			targetProxy = 4FD6C79D1A777E090068AC89 /* PBXContainerItemProxy */;
		};
/* End PBXTargetDependency section */

/* Begin PBXVariantGroup section */
		4FD6C7901A777E090068AC89 /* Main.storyboard */ = {
			isa = PBXVariantGroup;
			children = (
				4FD6C7911A777E090068AC89 /* Base */,
			);
			name = Main.storyboard;
			sourceTree = "<group>";
		};
		4FD6C7951A777E090068AC89 /* LaunchScreen.xib */ = {
			isa = PBXVariantGroup;
			children = (
				4FD6C7961A777E090068AC89 /* Base */,
			);
			name = LaunchScreen.xib;
			sourceTree = "<group>";
		};
/* End PBXVariantGroup section */

/* Begin XCBuildConfiguration section */
		4FD6C7A41A777E090068AC89 /* Debug */ = {
			isa = XCBuildConfiguration;
			buildSettings = {
				ALWAYS_SEARCH_USER_PATHS = NO;
				CLANG_CXX_LANGUAGE_STANDARD = "gnu++0x";
				CLANG_CXX_LIBRARY = "libc++";
				CLANG_ENABLE_MODULES = YES;
				CLANG_ENABLE_OBJC_ARC = YES;
				CLANG_WARN_BOOL_CONVERSION = YES;
				CLANG_WARN_CONSTANT_CONVERSION = YES;
				CLANG_WARN_DIRECT_OBJC_ISA_USAGE = YES_ERROR;
				CLANG_WARN_EMPTY_BODY = YES;
				CLANG_WARN_ENUM_CONVERSION = YES;
				CLANG_WARN_INT_CONVERSION = YES;
				CLANG_WARN_OBJC_ROOT_CLASS = YES_ERROR;
				CLANG_WARN_UNREACHABLE_CODE = YES;
				CLANG_WARN__DUPLICATE_METHOD_MATCH = YES;
				"CODE_SIGN_IDENTITY[sdk=iphoneos*]" = "iPhone Developer";
				COPY_PHASE_STRIP = NO;
				ENABLE_STRICT_OBJC_MSGSEND = YES;
				GCC_C_LANGUAGE_STANDARD = gnu99;
				GCC_DYNAMIC_NO_PIC = NO;
				GCC_OPTIMIZATION_LEVEL = 0;
				GCC_PREPROCESSOR_DEFINITIONS = (
					"DEBUG=1",
					"$(inherited)",
				);
				GCC_SYMBOLS_PRIVATE_EXTERN = NO;
				GCC_WARN_64_TO_32_BIT_CONVERSION = YES;
				GCC_WARN_ABOUT_RETURN_TYPE = YES_ERROR;
				GCC_WARN_UNDECLARED_SELECTOR = YES;
				GCC_WARN_UNINITIALIZED_AUTOS = YES_AGGRESSIVE;
				GCC_WARN_UNUSED_FUNCTION = YES;
				GCC_WARN_UNUSED_VARIABLE = YES;
				IPHONEOS_DEPLOYMENT_TARGET = 7.0;
				MTL_ENABLE_DEBUG_INFO = YES;
				ONLY_ACTIVE_ARCH = YES;
				SDKROOT = iphoneos;
			};
			name = Debug;
		};
		4FD6C7A51A777E090068AC89 /* Release */ = {
			isa = XCBuildConfiguration;
			buildSettings = {
				ALWAYS_SEARCH_USER_PATHS = NO;
				CLANG_CXX_LANGUAGE_STANDARD = "gnu++0x";
				CLANG_CXX_LIBRARY = "libc++";
				CLANG_ENABLE_MODULES = YES;
				CLANG_ENABLE_OBJC_ARC = YES;
				CLANG_WARN_BOOL_CONVERSION = YES;
				CLANG_WARN_CONSTANT_CONVERSION = YES;
				CLANG_WARN_DIRECT_OBJC_ISA_USAGE = YES_ERROR;
				CLANG_WARN_EMPTY_BODY = YES;
				CLANG_WARN_ENUM_CONVERSION = YES;
				CLANG_WARN_INT_CONVERSION = YES;
				CLANG_WARN_OBJC_ROOT_CLASS = YES_ERROR;
				CLANG_WARN_UNREACHABLE_CODE = YES;
				CLANG_WARN__DUPLICATE_METHOD_MATCH = YES;
				"CODE_SIGN_IDENTITY[sdk=iphoneos*]" = "iPhone Developer";
				COPY_PHASE_STRIP = YES;
				ENABLE_NS_ASSERTIONS = NO;
				ENABLE_STRICT_OBJC_MSGSEND = YES;
				GCC_C_LANGUAGE_STANDARD = gnu99;
				GCC_WARN_64_TO_32_BIT_CONVERSION = YES;
				GCC_WARN_ABOUT_RETURN_TYPE = YES_ERROR;
				GCC_WARN_UNDECLARED_SELECTOR = YES;
				GCC_WARN_UNINITIALIZED_AUTOS = YES_AGGRESSIVE;
				GCC_WARN_UNUSED_FUNCTION = YES;
				GCC_WARN_UNUSED_VARIABLE = YES;
				IPHONEOS_DEPLOYMENT_TARGET = 7.0;
				MTL_ENABLE_DEBUG_INFO = NO;
				SDKROOT = iphoneos;
				VALIDATE_PRODUCT = YES;
			};
			name = Release;
		};
		4FD6C7A71A777E090068AC89 /* Debug */ = {
			isa = XCBuildConfiguration;
			baseConfigurationReference = AF3DBD8CA75727120607E0AC /* Pods.debug.xcconfig */;
			buildSettings = {
				ASSETCATALOG_COMPILER_APPICON_NAME = AppIcon;
				FRAMEWORK_SEARCH_PATHS = (
					"$(inherited)",
					/Users/LiHongli/Documents/Codings/Demo/HLMapView/HLMapView/frameWork,
				);
				INFOPLIST_FILE = HLMapDemo/Info.plist;
				LD_RUNPATH_SEARCH_PATHS = "$(inherited) @executable_path/Frameworks";
				LIBRARY_SEARCH_PATHS = (
					"$(inherited)",
					/Users/LiHongli/Documents/Codings/Demo/HLMapView/HLMapView,
					/Users/LiHongli/Documents/Codings/Demo/HLMapView/HLMapView/libs,
				);
				PRODUCT_NAME = "$(TARGET_NAME)";
				PROVISIONING_PROFILE = "248147f0-2245-4c7c-948e-32dc35e73fbe";
			};
			name = Debug;
		};
		4FD6C7A81A777E090068AC89 /* Release */ = {
			isa = XCBuildConfiguration;
			baseConfigurationReference = 0F86D2D9F4453D550ED865DD /* Pods.release.xcconfig */;
			buildSettings = {
				ASSETCATALOG_COMPILER_APPICON_NAME = AppIcon;
				FRAMEWORK_SEARCH_PATHS = (
					"$(inherited)",
					/Users/LiHongli/Documents/Codings/Demo/HLMapView/HLMapView/frameWork,
				);
				INFOPLIST_FILE = HLMapDemo/Info.plist;
				LD_RUNPATH_SEARCH_PATHS = "$(inherited) @executable_path/Frameworks";
				LIBRARY_SEARCH_PATHS = (
					"$(inherited)",
					/Users/LiHongli/Documents/Codings/Demo/HLMapView/HLMapView,
					/Users/LiHongli/Documents/Codings/Demo/HLMapView/HLMapView/libs,
				);
				PRODUCT_NAME = "$(TARGET_NAME)";
				PROVISIONING_PROFILE = "248147f0-2245-4c7c-948e-32dc35e73fbe";
			};
			name = Release;
		};
		4FD6C7AA1A777E090068AC89 /* Debug */ = {
			isa = XCBuildConfiguration;
			buildSettings = {
				BUNDLE_LOADER = "$(TEST_HOST)";
				FRAMEWORK_SEARCH_PATHS = (
					"$(SDKROOT)/Developer/Library/Frameworks",
					"$(inherited)",
				);
				GCC_PREPROCESSOR_DEFINITIONS = (
					"DEBUG=1",
					"$(inherited)",
				);
				INFOPLIST_FILE = HLMapDemoTests/Info.plist;
				LD_RUNPATH_SEARCH_PATHS = "$(inherited) @executable_path/Frameworks @loader_path/Frameworks";
				PRODUCT_NAME = "$(TARGET_NAME)";
				TEST_HOST = "$(BUILT_PRODUCTS_DIR)/HLMapDemo.app/HLMapDemo";
			};
			name = Debug;
		};
		4FD6C7AB1A777E090068AC89 /* Release */ = {
			isa = XCBuildConfiguration;
			buildSettings = {
				BUNDLE_LOADER = "$(TEST_HOST)";
				FRAMEWORK_SEARCH_PATHS = (
					"$(SDKROOT)/Developer/Library/Frameworks",
					"$(inherited)",
				);
				INFOPLIST_FILE = HLMapDemoTests/Info.plist;
				LD_RUNPATH_SEARCH_PATHS = "$(inherited) @executable_path/Frameworks @loader_path/Frameworks";
				PRODUCT_NAME = "$(TARGET_NAME)";
				TEST_HOST = "$(BUILT_PRODUCTS_DIR)/HLMapDemo.app/HLMapDemo";
			};
			name = Release;
		};
/* End XCBuildConfiguration section */

/* Begin XCConfigurationList section */
		4FD6C77E1A777E090068AC89 /* Build configuration list for PBXProject "HLMapDemo" */ = {
			isa = XCConfigurationList;
			buildConfigurations = (
				4FD6C7A41A777E090068AC89 /* Debug */,
				4FD6C7A51A777E090068AC89 /* Release */,
			);
			defaultConfigurationIsVisible = 0;
			defaultConfigurationName = Release;
		};
		4FD6C7A61A777E090068AC89 /* Build configuration list for PBXNativeTarget "HLMapDemo" */ = {
			isa = XCConfigurationList;
			buildConfigurations = (
				4FD6C7A71A777E090068AC89 /* Debug */,
				4FD6C7A81A777E090068AC89 /* Release */,
			);
			defaultConfigurationIsVisible = 0;
			defaultConfigurationName = Release;
		};
		4FD6C7A91A777E090068AC89 /* Build configuration list for PBXNativeTarget "HLMapDemoTests" */ = {
			isa = XCConfigurationList;
			buildConfigurations = (
				4FD6C7AA1A777E090068AC89 /* Debug */,
				4FD6C7AB1A777E090068AC89 /* Release */,
			);
			defaultConfigurationIsVisible = 0;
			defaultConfigurationName = Release;
		};
/* End XCConfigurationList section */
	};
	rootObject = 4FD6C77B1A777E090068AC89 /* Project object */;
}
